
Microsoft Visual Studio Solution File, Format Version 12.00
# Visual Studio Version 17
VisualStudioVersion = 17.5.33424.131
MinimumVisualStudioVersion = 10.0.40219.1
Project("{FAE04EC0-301F-11D3-BF4B-00C04F79EFBC}") = "Asincrona_s8_Almacen", "Asincrona_s8_Almacen.csproj", "{48976B2B-9416-45BE-A84B-4B6D47794E18}"
EndProject
Global
	GlobalSection(SolutionConfigurationPlatforms) = preSolution
		Debug|Any CPU = Debug|Any CPU
		Release|Any CPU = Release|Any CPU
	EndGlobalSection
	GlobalSection(ProjectConfigurationPlatforms) = postSolution
		{48976B2B-9416-45BE-A84B-4B6D47794E18}.Debug|Any CPU.ActiveCfg = Debug|Any CPU
		{48976B2B-9416-45BE-A84B-4B6D47794E18}.Debug|Any CPU.Build.0 = Debug|Any CPU
		{48976B2B-9416-45BE-A84B-4B6D47794E18}.Release|Any CPU.ActiveCfg = Release|Any CPU
		{48976B2B-9416-45BE-A84B-4B6D47794E18}.Release|Any CPU.Build.0 = Release|Any CPU
	EndGlobalSection
	GlobalSection(SolutionProperties) = preSolution
		HideSolutionNode = FALSE
	EndGlobalSection
	GlobalSection(ExtensibilityGlobals) = postSolution
		SolutionGuid = {0A94D504-0343-4750-84F5-6B203839FA32}
	EndGlobalSection
EndGlobal
